<?xml version="1.0" encoding="UTF-8" standalone="yes" ?>
<CodeBlocks_project_file>
	<FileVersion major="1" minor="6" />
	<Project>
		<Option title="hw3" />
		<Option pch_mode="2" />
		<Option compiler="gcc" />
		<Build>
			<Target title="Debug">
				<Option output="bin/Debug/hw3" prefix_auto="1" extension_auto="1" />
				<Option object_output="obj/Debug/" />
				<Option type="1" />
				<Option compiler="gcc" />
				<Compiler>
					<Add option="-g" />
				</Compiler>
			</Target>
			<Target title="Release">
				<Option output="bin/Release/hw3" prefix_auto="1" extension_auto="1" />
				<Option object_output="obj/Release/" />
				<Option type="1" />
				<Option compiler="gcc" />
				<Compiler>
					<Add option="-O2" />
				</Compiler>
				<Linker>
					<Add option="-s" />
				</Linker>
			</Target>
		</Build>
		<Compiler>
			<Add option="-Wall" />
			<Add option="-fexceptions" />
		</Compiler>
		<Unit filename="ArrayQueue.cpp" />
		<Unit filename="ArrayQueue.h" />
		<Unit filename="ArrayStack.cpp" />
		<Unit filename="ArrayStack.h" />
		<Unit filename="DoubleLinkedListQueue.cpp" />
		<Unit filename="DoubleLinkedListQueue.h" />
		<Unit filename="DoubleLinkedListStack.cpp" />
		<Unit filename="DoubleLinkedListStack.h" />
		<Unit filename="DoubleNode.cpp" />
		<Unit filename="DoubleNode.h" />
		<Unit filename="SingleLinkedListQueue.cpp" />
		<Unit filename="SingleLinkedListQueue.h" />
		<Unit filename="SingleLinkedListStack.cpp" />
		<Unit filename="SingleLinkedListStack.h" />
		<Unit filename="SingleNode.cpp" />
		<Unit filename="SingleNode.h" />
		<Unit filename="main.cpp" />
		<Extensions>
			<code_completion />
			<debugger />
		</Extensions>
	</Project>
</CodeBlocks_project_file>
